
Microsoft Visual Studio Solution File, Format Version 12.00
# Visual Studio Version 17
VisualStudioVersion = 17.5.33502.453
MinimumVisualStudioVersion = 10.0.40219.1
Project("{9A19103F-16F7-4668-BE54-9A1E7A4F7556}") = "core-strength-yoga-products-api", "core-strength-yoga-products-api\core-strength-yoga-products-api.csproj", "{07E6A608-4209-46E6-BB5B-93DA1AD86DFE}"
EndProject
Project("{2150E333-8FDC-42A3-9474-1A3956D46DE8}") = "Solution Items", "Solution Items", "{9D23E372-C13E-4141-BA7D-B57FC787BB8C}"
	ProjectSection(SolutionItems) = preProject
		.editorconfig = .editorconfig
	EndProjectSection
EndProject
Global
	GlobalSection(SolutionConfigurationPlatforms) = preSolution
		Debug|Any CPU = Debug|Any CPU
		Release|Any CPU = Release|Any CPU
	EndGlobalSection
	GlobalSection(ProjectConfigurationPlatforms) = postSolution
		{07E6A608-4209-46E6-BB5B-93DA1AD86DFE}.Debug|Any CPU.ActiveCfg = Debug|Any CPU
		{07E6A608-4209-46E6-BB5B-93DA1AD86DFE}.Debug|Any CPU.Build.0 = Debug|Any CPU
		{07E6A608-4209-46E6-BB5B-93DA1AD86DFE}.Release|Any CPU.ActiveCfg = Release|Any CPU
		{07E6A608-4209-46E6-BB5B-93DA1AD86DFE}.Release|Any CPU.Build.0 = Release|Any CPU
	EndGlobalSection
	GlobalSection(SolutionProperties) = preSolution
		HideSolutionNode = FALSE
	EndGlobalSection
	GlobalSection(ExtensibilityGlobals) = postSolution
		SolutionGuid = {1FD3BBA1-AA97-4D56-965F-1E50E5D0DF98}
	EndGlobalSection
EndGlobal
